
Microsoft Visual Studio Solution File, Format Version 12.00
# Visual Studio 15
VisualStudioVersion = 15.0.28010.2026
MinimumVisualStudioVersion = 10.0.40219.1
Project("{FAE04EC0-301F-11D3-BF4B-00C04F79EFBC}") = "RestCalculatorService", "RestCalculatorService\RestCalculatorService.csproj", "{46899A49-9F15-48F9-8E16-58ED300163C6}"
EndProject
Project("{FAE04EC0-301F-11D3-BF4B-00C04F79EFBC}") = "ModelLibrary", "ModelLibrary\ModelLibrary.csproj", "{A45C7191-69D5-4578-9C8C-A532EC9DA5C6}"
EndProject
Global
	GlobalSection(SolutionConfigurationPlatforms) = preSolution
		Debug|Any CPU = Debug|Any CPU
		Release|Any CPU = Release|Any CPU
	EndGlobalSection
	GlobalSection(ProjectConfigurationPlatforms) = postSolution
		{46899A49-9F15-48F9-8E16-58ED300163C6}.Debug|Any CPU.ActiveCfg = Debug|Any CPU
		{46899A49-9F15-48F9-8E16-58ED300163C6}.Debug|Any CPU.Build.0 = Debug|Any CPU
		{46899A49-9F15-48F9-8E16-58ED300163C6}.Release|Any CPU.ActiveCfg = Release|Any CPU
		{46899A49-9F15-48F9-8E16-58ED300163C6}.Release|Any CPU.Build.0 = Release|Any CPU
		{A45C7191-69D5-4578-9C8C-A532EC9DA5C6}.Debug|Any CPU.ActiveCfg = Debug|Any CPU
		{A45C7191-69D5-4578-9C8C-A532EC9DA5C6}.Debug|Any CPU.Build.0 = Debug|Any CPU
		{A45C7191-69D5-4578-9C8C-A532EC9DA5C6}.Release|Any CPU.ActiveCfg = Release|Any CPU
		{A45C7191-69D5-4578-9C8C-A532EC9DA5C6}.Release|Any CPU.Build.0 = Release|Any CPU
	EndGlobalSection
	GlobalSection(SolutionProperties) = preSolution
		HideSolutionNode = FALSE
	EndGlobalSection
	GlobalSection(ExtensibilityGlobals) = postSolution
		SolutionGuid = {A8409DB6-BBBF-4618-BAD7-D0ABADB6D0F9}
	EndGlobalSection
EndGlobal
